{
  "pins" : [
    {
      "identity" : "alamofire",
      "kind" : "remoteSourceControl",
      "location" : "https://github.com/Alamofire/Alamofire.git",
      "state" : {
        "revision" : "bc268c28fb170f494de9e9927c371b8342979ece",
        "version" : "5.7.1"
      }
    },
    {
      "identity" : "connectivity",
      "kind" : "remoteSourceControl",
      "location" : "https://github.com/rwbutler/connectivity",
      "state" : {
        "revision" : "d5ba3725634e2afd6c8fc1029cc47c885394ff0b",
        "version" : "6.0.0"
      }
    },
    {
      "identity" : "imagemetadatautil",
      "kind" : "remoteSourceControl",
      "location" : "https://github.com/divo/ImageMetadataUtil.git",
      "state" : {
        "revision" : "6ac881913ca5c997a0e241b9de88a7a44a87373e",
        "version" : "0.2.0"
      }
    }
  ],
  "version" : 2
}
