// !$*UTF8*$!
{
	archiveVersion = 1;
	classes = {
	};
	objectVersion = 56;
	objects = {

/* Begin PBXBuildFile section */
		930993F22A3A001E00FDD3AB /* MementosApp.swift in Sources */ = {isa = PBXBuildFile; fileRef = 930993F12A3A001E00FDD3AB /* MementosApp.swift */; };
		930993F42A3A001E00FDD3AB /* IndexView.swift in Sources */ = {isa = PBXBuildFile; fileRef = 930993F32A3A001E00FDD3AB /* IndexView.swift */; };
		930993F62A3A001F00FDD3AB /* Assets.xcassets in Resources */ = {isa = PBXBuildFile; fileRef = 930993F52A3A001F00FDD3AB /* Assets.xcassets */; };
		930993F92A3A001F00FDD3AB /* Preview Assets.xcassets in Resources */ = {isa = PBXBuildFile; fileRef = 930993F82A3A001F00FDD3AB /* Preview Assets.xcassets */; };
		930994032A3A001F00FDD3AB /* MementosTests.swift in Sources */ = {isa = PBXBuildFile; fileRef = 930994022A3A001F00FDD3AB /* MementosTests.swift */; };
		9309940D2A3A001F00FDD3AB /* MementosUITests.swift in Sources */ = {isa = PBXBuildFile; fileRef = 9309940C2A3A001F00FDD3AB /* MementosUITests.swift */; };
		9309940F2A3A001F00FDD3AB /* MementosUITestsLaunchTests.swift in Sources */ = {isa = PBXBuildFile; fileRef = 9309940E2A3A001F00FDD3AB /* MementosUITestsLaunchTests.swift */; };
		931B3AB72A530475000589C5 /* loading.html in Resources */ = {isa = PBXBuildFile; fileRef = 931B3AB62A530475000589C5 /* loading.html */; };
		934E6D202A42F95F00EF6770 /* FloatingButton.swift in Sources */ = {isa = PBXBuildFile; fileRef = 934E6D1F2A42F95F00EF6770 /* FloatingButton.swift */; };
		935B00092A3B620E0016829B /* TransferableImageWithMetadata.swift in Sources */ = {isa = PBXBuildFile; fileRef = 935B00082A3B620E0016829B /* TransferableImageWithMetadata.swift */; };
		935B00162A3B648A0016829B /* ImageMetadataUtil in Frameworks */ = {isa = PBXBuildFile; productRef = 935B00152A3B648A0016829B /* ImageMetadataUtil */; };
		935B00182A3B6F800016829B /* NewAlbumViewModel.swift in Sources */ = {isa = PBXBuildFile; fileRef = 935B00172A3B6F800016829B /* NewAlbumViewModel.swift */; };
		935B001A2A3B6FEC0016829B /* ImageModel.swift in Sources */ = {isa = PBXBuildFile; fileRef = 935B00192A3B6FEC0016829B /* ImageModel.swift */; };
		935B001D2A3B764B0016829B /* Alamofire in Frameworks */ = {isa = PBXBuildFile; productRef = 935B001C2A3B764B0016829B /* Alamofire */; };
		935B001F2A3B76900016829B /* Client.swift in Sources */ = {isa = PBXBuildFile; fileRef = 935B001E2A3B76900016829B /* Client.swift */; };
		935BFFF52A3B01C60016829B /* WebViewDelegate.swift in Sources */ = {isa = PBXBuildFile; fileRef = 935BFFF42A3B01C60016829B /* WebViewDelegate.swift */; };
		935BFFF72A3B15A70016829B /* Style.swift in Sources */ = {isa = PBXBuildFile; fileRef = 935BFFF62A3B15A70016829B /* Style.swift */; };
		935BFFF92A3B59990016829B /* NewAlbumView.swift in Sources */ = {isa = PBXBuildFile; fileRef = 935BFFF82A3B59990016829B /* NewAlbumView.swift */; };
		935F4BC32A49DFA500A54E5A /* LocationSearchView.swift in Sources */ = {isa = PBXBuildFile; fileRef = 935F4BC22A49DFA500A54E5A /* LocationSearchView.swift */; };
		9366BF4D2A9D2D76001DEB6E /* IndexViewModel.swift in Sources */ = {isa = PBXBuildFile; fileRef = 9366BF4C2A9D2D76001DEB6E /* IndexViewModel.swift */; };
		93679DC32AA2186F004331FD /* WebView.swift in Sources */ = {isa = PBXBuildFile; fileRef = 93679DC22AA2186F004331FD /* WebView.swift */; };
		93679DC52AA21894004331FD /* WebViewModel.swift in Sources */ = {isa = PBXBuildFile; fileRef = 93679DC42AA21894004331FD /* WebViewModel.swift */; };
		93679DC72AA218BA004331FD /* WebViewContainer.swift in Sources */ = {isa = PBXBuildFile; fileRef = 93679DC62AA218BA004331FD /* WebViewContainer.swift */; };
		939239742A41F58700CD0DF4 /* ShowAlbumView.swift in Sources */ = {isa = PBXBuildFile; fileRef = 939239732A41F58700CD0DF4 /* ShowAlbumView.swift */; };
/* End PBXBuildFile section */

/* Begin PBXContainerItemProxy section */
		930993FF2A3A001F00FDD3AB /* PBXContainerItemProxy */ = {
			isa = PBXContainerItemProxy;
			containerPortal = 930993E62A3A001E00FDD3AB /* Project object */;
			proxyType = 1;
			remoteGlobalIDString = 930993ED2A3A001E00FDD3AB;
			remoteInfo = Mementos;
		};
		930994092A3A001F00FDD3AB /* PBXContainerItemProxy */ = {
			isa = PBXContainerItemProxy;
			containerPortal = 930993E62A3A001E00FDD3AB /* Project object */;
			proxyType = 1;
			remoteGlobalIDString = 930993ED2A3A001E00FDD3AB;
			remoteInfo = Mementos;
		};
/* End PBXContainerItemProxy section */

/* Begin PBXFileReference section */
		930993EE2A3A001E00FDD3AB /* Mementos.app */ = {isa = PBXFileReference; explicitFileType = wrapper.application; includeInIndex = 0; path = Mementos.app; sourceTree = BUILT_PRODUCTS_DIR; };
		930993F12A3A001E00FDD3AB /* MementosApp.swift */ = {isa = PBXFileReference; lastKnownFileType = sourcecode.swift; path = MementosApp.swift; sourceTree = "<group>"; };
		930993F32A3A001E00FDD3AB /* IndexView.swift */ = {isa = PBXFileReference; lastKnownFileType = sourcecode.swift; path = IndexView.swift; sourceTree = "<group>"; };
		930993F52A3A001F00FDD3AB /* Assets.xcassets */ = {isa = PBXFileReference; lastKnownFileType = folder.assetcatalog; path = Assets.xcassets; sourceTree = "<group>"; };
		930993F82A3A001F00FDD3AB /* Preview Assets.xcassets */ = {isa = PBXFileReference; lastKnownFileType = folder.assetcatalog; path = "Preview Assets.xcassets"; sourceTree = "<group>"; };
		930993FE2A3A001F00FDD3AB /* MementosTests.xctest */ = {isa = PBXFileReference; explicitFileType = wrapper.cfbundle; includeInIndex = 0; path = MementosTests.xctest; sourceTree = BUILT_PRODUCTS_DIR; };
		930994022A3A001F00FDD3AB /* MementosTests.swift */ = {isa = PBXFileReference; lastKnownFileType = sourcecode.swift; path = MementosTests.swift; sourceTree = "<group>"; };
		930994082A3A001F00FDD3AB /* MementosUITests.xctest */ = {isa = PBXFileReference; explicitFileType = wrapper.cfbundle; includeInIndex = 0; path = MementosUITests.xctest; sourceTree = BUILT_PRODUCTS_DIR; };
		9309940C2A3A001F00FDD3AB /* MementosUITests.swift */ = {isa = PBXFileReference; lastKnownFileType = sourcecode.swift; path = MementosUITests.swift; sourceTree = "<group>"; };
		9309940E2A3A001F00FDD3AB /* MementosUITestsLaunchTests.swift */ = {isa = PBXFileReference; lastKnownFileType = sourcecode.swift; path = MementosUITestsLaunchTests.swift; sourceTree = "<group>"; };
		931B3AB62A530475000589C5 /* loading.html */ = {isa = PBXFileReference; lastKnownFileType = text.html; path = loading.html; sourceTree = "<group>"; };
		934E6D1F2A42F95F00EF6770 /* FloatingButton.swift */ = {isa = PBXFileReference; lastKnownFileType = sourcecode.swift; path = FloatingButton.swift; sourceTree = "<group>"; };
		935B00082A3B620E0016829B /* TransferableImageWithMetadata.swift */ = {isa = PBXFileReference; fileEncoding = 4; lastKnownFileType = sourcecode.swift; path = TransferableImageWithMetadata.swift; sourceTree = "<group>"; };
		935B00172A3B6F800016829B /* NewAlbumViewModel.swift */ = {isa = PBXFileReference; lastKnownFileType = sourcecode.swift; path = NewAlbumViewModel.swift; sourceTree = "<group>"; };
		935B00192A3B6FEC0016829B /* ImageModel.swift */ = {isa = PBXFileReference; lastKnownFileType = sourcecode.swift; path = ImageModel.swift; sourceTree = "<group>"; };
		935B001E2A3B76900016829B /* Client.swift */ = {isa = PBXFileReference; lastKnownFileType = sourcecode.swift; path = Client.swift; sourceTree = "<group>"; };
		935B00202A3B786D0016829B /* Info.plist */ = {isa = PBXFileReference; lastKnownFileType = text.plist; path = Info.plist; sourceTree = "<group>"; };
		935BFFF42A3B01C60016829B /* WebViewDelegate.swift */ = {isa = PBXFileReference; lastKnownFileType = sourcecode.swift; path = WebViewDelegate.swift; sourceTree = "<group>"; };
		935BFFF62A3B15A70016829B /* Style.swift */ = {isa = PBXFileReference; lastKnownFileType = sourcecode.swift; path = Style.swift; sourceTree = "<group>"; };
		935BFFF82A3B59990016829B /* NewAlbumView.swift */ = {isa = PBXFileReference; lastKnownFileType = sourcecode.swift; path = NewAlbumView.swift; sourceTree = "<group>"; };
		935F4BC22A49DFA500A54E5A /* LocationSearchView.swift */ = {isa = PBXFileReference; lastKnownFileType = sourcecode.swift; path = LocationSearchView.swift; sourceTree = "<group>"; };
		9366BF4C2A9D2D76001DEB6E /* IndexViewModel.swift */ = {isa = PBXFileReference; lastKnownFileType = sourcecode.swift; path = IndexViewModel.swift; sourceTree = "<group>"; };
		93679DC22AA2186F004331FD /* WebView.swift */ = {isa = PBXFileReference; lastKnownFileType = sourcecode.swift; path = WebView.swift; sourceTree = "<group>"; };
		93679DC42AA21894004331FD /* WebViewModel.swift */ = {isa = PBXFileReference; lastKnownFileType = sourcecode.swift; path = WebViewModel.swift; sourceTree = "<group>"; };
		93679DC62AA218BA004331FD /* WebViewContainer.swift */ = {isa = PBXFileReference; lastKnownFileType = sourcecode.swift; path = WebViewContainer.swift; sourceTree = "<group>"; };
		939239732A41F58700CD0DF4 /* ShowAlbumView.swift */ = {isa = PBXFileReference; lastKnownFileType = sourcecode.swift; path = ShowAlbumView.swift; sourceTree = "<group>"; };
/* End PBXFileReference section */

/* Begin PBXFrameworksBuildPhase section */
		930993EB2A3A001E00FDD3AB /* Frameworks */ = {
			isa = PBXFrameworksBuildPhase;
			buildActionMask = 2147483647;
			files = (
				935B00162A3B648A0016829B /* ImageMetadataUtil in Frameworks */,
				935B001D2A3B764B0016829B /* Alamofire in Frameworks */,
			);
			runOnlyForDeploymentPostprocessing = 0;
		};
		930993FB2A3A001F00FDD3AB /* Frameworks */ = {
			isa = PBXFrameworksBuildPhase;
			buildActionMask = 2147483647;
			files = (
			);
			runOnlyForDeploymentPostprocessing = 0;
		};
		930994052A3A001F00FDD3AB /* Frameworks */ = {
			isa = PBXFrameworksBuildPhase;
			buildActionMask = 2147483647;
			files = (
			);
			runOnlyForDeploymentPostprocessing = 0;
		};
/* End PBXFrameworksBuildPhase section */

/* Begin PBXGroup section */
		930993E52A3A001E00FDD3AB = {
			isa = PBXGroup;
			children = (
				931B3AB62A530475000589C5 /* loading.html */,
				930993F02A3A001E00FDD3AB /* Mementos */,
				930994012A3A001F00FDD3AB /* MementosTests */,
				9309940B2A3A001F00FDD3AB /* MementosUITests */,
				930993EF2A3A001E00FDD3AB /* Products */,
			);
			sourceTree = "<group>";
		};
		930993EF2A3A001E00FDD3AB /* Products */ = {
			isa = PBXGroup;
			children = (
				930993EE2A3A001E00FDD3AB /* Mementos.app */,
				930993FE2A3A001F00FDD3AB /* MementosTests.xctest */,
				930994082A3A001F00FDD3AB /* MementosUITests.xctest */,
			);
			name = Products;
			sourceTree = "<group>";
		};
		930993F02A3A001E00FDD3AB /* Mementos */ = {
			isa = PBXGroup;
			children = (
				935B00202A3B786D0016829B /* Info.plist */,
				934E6D1F2A42F95F00EF6770 /* FloatingButton.swift */,
				9366BF4C2A9D2D76001DEB6E /* IndexViewModel.swift */,
				935B00192A3B6FEC0016829B /* ImageModel.swift */,
				935B001E2A3B76900016829B /* Client.swift */,
				930993F12A3A001E00FDD3AB /* MementosApp.swift */,
				930993F32A3A001E00FDD3AB /* IndexView.swift */,
				939239732A41F58700CD0DF4 /* ShowAlbumView.swift */,
				935BFFF82A3B59990016829B /* NewAlbumView.swift */,
				935F4BC22A49DFA500A54E5A /* LocationSearchView.swift */,
				935B00172A3B6F800016829B /* NewAlbumViewModel.swift */,
				935B00082A3B620E0016829B /* TransferableImageWithMetadata.swift */,
				935BFFF62A3B15A70016829B /* Style.swift */,
				93679DC12AA21858004331FD /* WebView */,
				930993F52A3A001F00FDD3AB /* Assets.xcassets */,
				930993F72A3A001F00FDD3AB /* Preview Content */,
			);
			path = Mementos;
			sourceTree = "<group>";
		};
		930993F72A3A001F00FDD3AB /* Preview Content */ = {
			isa = PBXGroup;
			children = (
				930993F82A3A001F00FDD3AB /* Preview Assets.xcassets */,
			);
			path = "Preview Content";
			sourceTree = "<group>";
		};
		930994012A3A001F00FDD3AB /* MementosTests */ = {
			isa = PBXGroup;
			children = (
				930994022A3A001F00FDD3AB /* MementosTests.swift */,
			);
			path = MementosTests;
			sourceTree = "<group>";
		};
		9309940B2A3A001F00FDD3AB /* MementosUITests */ = {
			isa = PBXGroup;
			children = (
				9309940C2A3A001F00FDD3AB /* MementosUITests.swift */,
				9309940E2A3A001F00FDD3AB /* MementosUITestsLaunchTests.swift */,
			);
			path = MementosUITests;
			sourceTree = "<group>";
		};
		93679DC12AA21858004331FD /* WebView */ = {
			isa = PBXGroup;
			children = (
				935BFFF42A3B01C60016829B /* WebViewDelegate.swift */,
				93679DC22AA2186F004331FD /* WebView.swift */,
				93679DC42AA21894004331FD /* WebViewModel.swift */,
				93679DC62AA218BA004331FD /* WebViewContainer.swift */,
			);
			path = WebView;
			sourceTree = "<group>";
		};
/* End PBXGroup section */

/* Begin PBXNativeTarget section */
		930993ED2A3A001E00FDD3AB /* Mementos */ = {
			isa = PBXNativeTarget;
			buildConfigurationList = 930994122A3A001F00FDD3AB /* Build configuration list for PBXNativeTarget "Mementos" */;
			buildPhases = (
				930993EA2A3A001E00FDD3AB /* Sources */,
				930993EB2A3A001E00FDD3AB /* Frameworks */,
				930993EC2A3A001E00FDD3AB /* Resources */,
			);
			buildRules = (
			);
			dependencies = (
			);
			name = Mementos;
			packageProductDependencies = (
				935B00152A3B648A0016829B /* ImageMetadataUtil */,
				935B001C2A3B764B0016829B /* Alamofire */,
			);
			productName = Mementos;
			productReference = 930993EE2A3A001E00FDD3AB /* Mementos.app */;
			productType = "com.apple.product-type.application";
		};
		930993FD2A3A001F00FDD3AB /* MementosTests */ = {
			isa = PBXNativeTarget;
			buildConfigurationList = 930994152A3A001F00FDD3AB /* Build configuration list for PBXNativeTarget "MementosTests" */;
			buildPhases = (
				930993FA2A3A001F00FDD3AB /* Sources */,
				930993FB2A3A001F00FDD3AB /* Frameworks */,
				930993FC2A3A001F00FDD3AB /* Resources */,
			);
			buildRules = (
			);
			dependencies = (
				930994002A3A001F00FDD3AB /* PBXTargetDependency */,
			);
			name = MementosTests;
			productName = MementosTests;
			productReference = 930993FE2A3A001F00FDD3AB /* MementosTests.xctest */;
			productType = "com.apple.product-type.bundle.unit-test";
		};
		930994072A3A001F00FDD3AB /* MementosUITests */ = {
			isa = PBXNativeTarget;
			buildConfigurationList = 930994182A3A001F00FDD3AB /* Build configuration list for PBXNativeTarget "MementosUITests" */;
			buildPhases = (
				930994042A3A001F00FDD3AB /* Sources */,
				930994052A3A001F00FDD3AB /* Frameworks */,
				930994062A3A001F00FDD3AB /* Resources */,
			);
			buildRules = (
			);
			dependencies = (
				9309940A2A3A001F00FDD3AB /* PBXTargetDependency */,
			);
			name = MementosUITests;
			productName = MementosUITests;
			productReference = 930994082A3A001F00FDD3AB /* MementosUITests.xctest */;
			productType = "com.apple.product-type.bundle.ui-testing";
		};
/* End PBXNativeTarget section */

/* Begin PBXProject section */
		930993E62A3A001E00FDD3AB /* Project object */ = {
			isa = PBXProject;
			attributes = {
				BuildIndependentTargetsInParallel = 1;
				LastSwiftUpdateCheck = 1430;
				LastUpgradeCheck = 1430;
				TargetAttributes = {
					930993ED2A3A001E00FDD3AB = {
						CreatedOnToolsVersion = 14.3;
					};
					930993FD2A3A001F00FDD3AB = {
						CreatedOnToolsVersion = 14.3;
						TestTargetID = 930993ED2A3A001E00FDD3AB;
					};
					930994072A3A001F00FDD3AB = {
						CreatedOnToolsVersion = 14.3;
						TestTargetID = 930993ED2A3A001E00FDD3AB;
					};
				};
			};
			buildConfigurationList = 930993E92A3A001E00FDD3AB /* Build configuration list for PBXProject "Mementos" */;
			compatibilityVersion = "Xcode 14.0";
			developmentRegion = en;
			hasScannedForEncodings = 0;
			knownRegions = (
				en,
				Base,
			);
			mainGroup = 930993E52A3A001E00FDD3AB;
			packageReferences = (
				935B00142A3B648A0016829B /* XCRemoteSwiftPackageReference "ImageMetadataUtil" */,
				935B001B2A3B764B0016829B /* XCRemoteSwiftPackageReference "Alamofire" */,
				9396EA9A2A474C8300F8B527 /* XCRemoteSwiftPackageReference "connectivity" */,
			);
			productRefGroup = 930993EF2A3A001E00FDD3AB /* Products */;
			projectDirPath = "";
			projectRoot = "";
			targets = (
				930993ED2A3A001E00FDD3AB /* Mementos */,
				930993FD2A3A001F00FDD3AB /* MementosTests */,
				930994072A3A001F00FDD3AB /* MementosUITests */,
			);
		};
/* End PBXProject section */

/* Begin PBXResourcesBuildPhase section */
		930993EC2A3A001E00FDD3AB /* Resources */ = {
			isa = PBXResourcesBuildPhase;
			buildActionMask = 2147483647;
			files = (
				931B3AB72A530475000589C5 /* loading.html in Resources */,
				930993F92A3A001F00FDD3AB /* Preview Assets.xcassets in Resources */,
				930993F62A3A001F00FDD3AB /* Assets.xcassets in Resources */,
			);
			runOnlyForDeploymentPostprocessing = 0;
		};
		930993FC2A3A001F00FDD3AB /* Resources */ = {
			isa = PBXResourcesBuildPhase;
			buildActionMask = 2147483647;
			files = (
			);
			runOnlyForDeploymentPostprocessing = 0;
		};
		930994062A3A001F00FDD3AB /* Resources */ = {
			isa = PBXResourcesBuildPhase;
			buildActionMask = 2147483647;
			files = (
			);
			runOnlyForDeploymentPostprocessing = 0;
		};
/* End PBXResourcesBuildPhase section */

/* Begin PBXSourcesBuildPhase section */
		930993EA2A3A001E00FDD3AB /* Sources */ = {
			isa = PBXSourcesBuildPhase;
			buildActionMask = 2147483647;
			files = (
				935BFFF52A3B01C60016829B /* WebViewDelegate.swift in Sources */,
				935F4BC32A49DFA500A54E5A /* LocationSearchView.swift in Sources */,
				939239742A41F58700CD0DF4 /* ShowAlbumView.swift in Sources */,
				935B00182A3B6F800016829B /* NewAlbumViewModel.swift in Sources */,
				935B00092A3B620E0016829B /* TransferableImageWithMetadata.swift in Sources */,
				930993F42A3A001E00FDD3AB /* IndexView.swift in Sources */,
				935BFFF92A3B59990016829B /* NewAlbumView.swift in Sources */,
				930993F22A3A001E00FDD3AB /* MementosApp.swift in Sources */,
				935BFFF72A3B15A70016829B /* Style.swift in Sources */,
				9366BF4D2A9D2D76001DEB6E /* IndexViewModel.swift in Sources */,
				935B001A2A3B6FEC0016829B /* ImageModel.swift in Sources */,
				935B001F2A3B76900016829B /* Client.swift in Sources */,
				934E6D202A42F95F00EF6770 /* FloatingButton.swift in Sources */,
				93679DC72AA218BA004331FD /* WebViewContainer.swift in Sources */,
				93679DC52AA21894004331FD /* WebViewModel.swift in Sources */,
				93679DC32AA2186F004331FD /* WebView.swift in Sources */,
			);
			runOnlyForDeploymentPostprocessing = 0;
		};
		930993FA2A3A001F00FDD3AB /* Sources */ = {
			isa = PBXSourcesBuildPhase;
			buildActionMask = 2147483647;
			files = (
				930994032A3A001F00FDD3AB /* MementosTests.swift in Sources */,
			);
			runOnlyForDeploymentPostprocessing = 0;
		};
		930994042A3A001F00FDD3AB /* Sources */ = {
			isa = PBXSourcesBuildPhase;
			buildActionMask = 2147483647;
			files = (
				9309940F2A3A001F00FDD3AB /* MementosUITestsLaunchTests.swift in Sources */,
				9309940D2A3A001F00FDD3AB /* MementosUITests.swift in Sources */,
			);
			runOnlyForDeploymentPostprocessing = 0;
		};
/* End PBXSourcesBuildPhase section */

/* Begin PBXTargetDependency section */
		930994002A3A001F00FDD3AB /* PBXTargetDependency */ = {
			isa = PBXTargetDependency;
			target = 930993ED2A3A001E00FDD3AB /* Mementos */;
			targetProxy = 930993FF2A3A001F00FDD3AB /* PBXContainerItemProxy */;
		};
		9309940A2A3A001F00FDD3AB /* PBXTargetDependency */ = {
			isa = PBXTargetDependency;
			target = 930993ED2A3A001E00FDD3AB /* Mementos */;
			targetProxy = 930994092A3A001F00FDD3AB /* PBXContainerItemProxy */;
		};
/* End PBXTargetDependency section */

/* Begin XCBuildConfiguration section */
		930994102A3A001F00FDD3AB /* Debug */ = {
			isa = XCBuildConfiguration;
			buildSettings = {
				ALWAYS_SEARCH_USER_PATHS = NO;
				CLANG_ANALYZER_NONNULL = YES;
				CLANG_ANALYZER_NUMBER_OBJECT_CONVERSION = YES_AGGRESSIVE;
				CLANG_CXX_LANGUAGE_STANDARD = "gnu++20";
				CLANG_ENABLE_MODULES = YES;
				CLANG_ENABLE_OBJC_ARC = YES;
				CLANG_ENABLE_OBJC_WEAK = YES;
				CLANG_WARN_BLOCK_CAPTURE_AUTORELEASING = YES;
				CLANG_WARN_BOOL_CONVERSION = YES;
				CLANG_WARN_COMMA = YES;
				CLANG_WARN_CONSTANT_CONVERSION = YES;
				CLANG_WARN_DEPRECATED_OBJC_IMPLEMENTATIONS = YES;
				CLANG_WARN_DIRECT_OBJC_ISA_USAGE = YES_ERROR;
				CLANG_WARN_DOCUMENTATION_COMMENTS = YES;
				CLANG_WARN_EMPTY_BODY = YES;
				CLANG_WARN_ENUM_CONVERSION = YES;
				CLANG_WARN_INFINITE_RECURSION = YES;
				CLANG_WARN_INT_CONVERSION = YES;
				CLANG_WARN_NON_LITERAL_NULL_CONVERSION = YES;
				CLANG_WARN_OBJC_IMPLICIT_RETAIN_SELF = YES;
				CLANG_WARN_OBJC_LITERAL_CONVERSION = YES;
				CLANG_WARN_OBJC_ROOT_CLASS = YES_ERROR;
				CLANG_WARN_QUOTED_INCLUDE_IN_FRAMEWORK_HEADER = YES;
				CLANG_WARN_RANGE_LOOP_ANALYSIS = YES;
				CLANG_WARN_STRICT_PROTOTYPES = YES;
				CLANG_WARN_SUSPICIOUS_MOVE = YES;
				CLANG_WARN_UNGUARDED_AVAILABILITY = YES_AGGRESSIVE;
				CLANG_WARN_UNREACHABLE_CODE = YES;
				CLANG_WARN__DUPLICATE_METHOD_MATCH = YES;
				COPY_PHASE_STRIP = NO;
				DEBUG_INFORMATION_FORMAT = dwarf;
				ENABLE_STRICT_OBJC_MSGSEND = YES;
				ENABLE_TESTABILITY = YES;
				GCC_C_LANGUAGE_STANDARD = gnu11;
				GCC_DYNAMIC_NO_PIC = NO;
				GCC_NO_COMMON_BLOCKS = YES;
				GCC_OPTIMIZATION_LEVEL = 0;
				GCC_PREPROCESSOR_DEFINITIONS = (
					"DEBUG=1",
					"$(inherited)",
				);
				GCC_WARN_64_TO_32_BIT_CONVERSION = YES;
				GCC_WARN_ABOUT_RETURN_TYPE = YES_ERROR;
				GCC_WARN_UNDECLARED_SELECTOR = YES;
				GCC_WARN_UNINITIALIZED_AUTOS = YES_AGGRESSIVE;
				GCC_WARN_UNUSED_FUNCTION = YES;
				GCC_WARN_UNUSED_VARIABLE = YES;
				IPHONEOS_DEPLOYMENT_TARGET = 16.4;
				MTL_ENABLE_DEBUG_INFO = INCLUDE_SOURCE;
				MTL_FAST_MATH = YES;
				ONLY_ACTIVE_ARCH = YES;
				SDKROOT = iphoneos;
				SWIFT_ACTIVE_COMPILATION_CONDITIONS = DEBUG;
				SWIFT_OPTIMIZATION_LEVEL = "-Onone";
			};
			name = Debug;
		};
		930994112A3A001F00FDD3AB /* Release */ = {
			isa = XCBuildConfiguration;
			buildSettings = {
				ALWAYS_SEARCH_USER_PATHS = NO;
				CLANG_ANALYZER_NONNULL = YES;
				CLANG_ANALYZER_NUMBER_OBJECT_CONVERSION = YES_AGGRESSIVE;
				CLANG_CXX_LANGUAGE_STANDARD = "gnu++20";
				CLANG_ENABLE_MODULES = YES;
				CLANG_ENABLE_OBJC_ARC = YES;
				CLANG_ENABLE_OBJC_WEAK = YES;
				CLANG_WARN_BLOCK_CAPTURE_AUTORELEASING = YES;
				CLANG_WARN_BOOL_CONVERSION = YES;
				CLANG_WARN_COMMA = YES;
				CLANG_WARN_CONSTANT_CONVERSION = YES;
				CLANG_WARN_DEPRECATED_OBJC_IMPLEMENTATIONS = YES;
				CLANG_WARN_DIRECT_OBJC_ISA_USAGE = YES_ERROR;
				CLANG_WARN_DOCUMENTATION_COMMENTS = YES;
				CLANG_WARN_EMPTY_BODY = YES;
				CLANG_WARN_ENUM_CONVERSION = YES;
				CLANG_WARN_INFINITE_RECURSION = YES;
				CLANG_WARN_INT_CONVERSION = YES;
				CLANG_WARN_NON_LITERAL_NULL_CONVERSION = YES;
				CLANG_WARN_OBJC_IMPLICIT_RETAIN_SELF = YES;
				CLANG_WARN_OBJC_LITERAL_CONVERSION = YES;
				CLANG_WARN_OBJC_ROOT_CLASS = YES_ERROR;
				CLANG_WARN_QUOTED_INCLUDE_IN_FRAMEWORK_HEADER = YES;
				CLANG_WARN_RANGE_LOOP_ANALYSIS = YES;
				CLANG_WARN_STRICT_PROTOTYPES = YES;
				CLANG_WARN_SUSPICIOUS_MOVE = YES;
				CLANG_WARN_UNGUARDED_AVAILABILITY = YES_AGGRESSIVE;
				CLANG_WARN_UNREACHABLE_CODE = YES;
				CLANG_WARN__DUPLICATE_METHOD_MATCH = YES;
				COPY_PHASE_STRIP = NO;
				DEBUG_INFORMATION_FORMAT = "dwarf-with-dsym";
				ENABLE_NS_ASSERTIONS = NO;
				ENABLE_STRICT_OBJC_MSGSEND = YES;
				GCC_C_LANGUAGE_STANDARD = gnu11;
				GCC_NO_COMMON_BLOCKS = YES;
				GCC_WARN_64_TO_32_BIT_CONVERSION = YES;
				GCC_WARN_ABOUT_RETURN_TYPE = YES_ERROR;
				GCC_WARN_UNDECLARED_SELECTOR = YES;
				GCC_WARN_UNINITIALIZED_AUTOS = YES_AGGRESSIVE;
				GCC_WARN_UNUSED_FUNCTION = YES;
				GCC_WARN_UNUSED_VARIABLE = YES;
				IPHONEOS_DEPLOYMENT_TARGET = 16.4;
				MTL_ENABLE_DEBUG_INFO = NO;
				MTL_FAST_MATH = YES;
				SDKROOT = iphoneos;
				SWIFT_COMPILATION_MODE = wholemodule;
				SWIFT_OPTIMIZATION_LEVEL = "-O";
				VALIDATE_PRODUCT = YES;
			};
			name = Release;
		};
		930994132A3A001F00FDD3AB /* Debug */ = {
			isa = XCBuildConfiguration;
			buildSettings = {
				ASSETCATALOG_COMPILER_APPICON_NAME = AppIcon;
				ASSETCATALOG_COMPILER_GLOBAL_ACCENT_COLOR_NAME = AccentColor;
				CODE_SIGN_STYLE = Automatic;
				CURRENT_PROJECT_VERSION = 1;
				DEVELOPMENT_ASSET_PATHS = "\"Mementos/Preview Content\"";
				DEVELOPMENT_TEAM = 9F7FZ3S533;
				ENABLE_PREVIEWS = YES;
				GENERATE_INFOPLIST_FILE = YES;
				INFOPLIST_FILE = Mementos/Info.plist;
				INFOPLIST_KEY_NSPhotoLibraryUsageDescription = "Allow access to your photos to build and upload a photo album";
				INFOPLIST_KEY_UIApplicationSceneManifest_Generation = YES;
				INFOPLIST_KEY_UIApplicationSupportsIndirectInputEvents = YES;
				INFOPLIST_KEY_UISupportedInterfaceOrientations_iPad = "UIInterfaceOrientationPortrait UIInterfaceOrientationPortraitUpsideDown UIInterfaceOrientationLandscapeLeft UIInterfaceOrientationLandscapeRight";
				INFOPLIST_KEY_UISupportedInterfaceOrientations_iPhone = "UIInterfaceOrientationPortrait UIInterfaceOrientationLandscapeLeft UIInterfaceOrientationLandscapeRight";
				IPHONEOS_DEPLOYMENT_TARGET = 16.0;
				LD_RUNPATH_SEARCH_PATHS = (
					"$(inherited)",
					"@executable_path/Frameworks",
				);
				MARKETING_VERSION = 1.0.2;
				PRODUCT_BUNDLE_IDENTIFIER = com.halfspud.Mementos;
				PRODUCT_NAME = "$(TARGET_NAME)";
				SUPPORTED_PLATFORMS = "iphoneos iphonesimulator";
				SUPPORTS_MACCATALYST = NO;
				SUPPORTS_MAC_DESIGNED_FOR_IPHONE_IPAD = NO;
				SWIFT_EMIT_LOC_STRINGS = YES;
				SWIFT_VERSION = 5.0;
				TARGETED_DEVICE_FAMILY = 1;
			};
			name = Debug;
		};
		930994142A3A001F00FDD3AB /* Release */ = {
			isa = XCBuildConfiguration;
			buildSettings = {
				ASSETCATALOG_COMPILER_APPICON_NAME = AppIcon;
				ASSETCATALOG_COMPILER_GLOBAL_ACCENT_COLOR_NAME = AccentColor;
				CODE_SIGN_STYLE = Automatic;
				CURRENT_PROJECT_VERSION = 1;
				DEVELOPMENT_ASSET_PATHS = "\"Mementos/Preview Content\"";
				DEVELOPMENT_TEAM = 9F7FZ3S533;
				ENABLE_PREVIEWS = YES;
				GENERATE_INFOPLIST_FILE = YES;
				INFOPLIST_FILE = Mementos/Info.plist;
				INFOPLIST_KEY_NSPhotoLibraryUsageDescription = "Allow access to your photos to build and upload a photo album";
				INFOPLIST_KEY_UIApplicationSceneManifest_Generation = YES;
				INFOPLIST_KEY_UIApplicationSupportsIndirectInputEvents = YES;
				INFOPLIST_KEY_UISupportedInterfaceOrientations_iPad = "UIInterfaceOrientationPortrait UIInterfaceOrientationPortraitUpsideDown UIInterfaceOrientationLandscapeLeft UIInterfaceOrientationLandscapeRight";
				INFOPLIST_KEY_UISupportedInterfaceOrientations_iPhone = "UIInterfaceOrientationPortrait UIInterfaceOrientationLandscapeLeft UIInterfaceOrientationLandscapeRight";
				IPHONEOS_DEPLOYMENT_TARGET = 16.0;
				LD_RUNPATH_SEARCH_PATHS = (
					"$(inherited)",
					"@executable_path/Frameworks",
				);
				MARKETING_VERSION = 1.0.2;
				PRODUCT_BUNDLE_IDENTIFIER = com.halfspud.Mementos;
				PRODUCT_NAME = "$(TARGET_NAME)";
				SUPPORTED_PLATFORMS = "iphoneos iphonesimulator";
				SUPPORTS_MACCATALYST = NO;
				SUPPORTS_MAC_DESIGNED_FOR_IPHONE_IPAD = NO;
				SWIFT_EMIT_LOC_STRINGS = YES;
				SWIFT_VERSION = 5.0;
				TARGETED_DEVICE_FAMILY = 1;
			};
			name = Release;
		};
		930994162A3A001F00FDD3AB /* Debug */ = {
			isa = XCBuildConfiguration;
			buildSettings = {
				ALWAYS_EMBED_SWIFT_STANDARD_LIBRARIES = YES;
				BUNDLE_LOADER = "$(TEST_HOST)";
				CODE_SIGN_STYLE = Automatic;
				CURRENT_PROJECT_VERSION = 1;
				DEVELOPMENT_TEAM = 9F7FZ3S533;
				GENERATE_INFOPLIST_FILE = YES;
				IPHONEOS_DEPLOYMENT_TARGET = 16.4;
				MARKETING_VERSION = 1.0;
				PRODUCT_BUNDLE_IDENTIFIER = com.halfspud.MementosTests;
				PRODUCT_NAME = "$(TARGET_NAME)";
				SWIFT_EMIT_LOC_STRINGS = NO;
				SWIFT_VERSION = 5.0;
				TARGETED_DEVICE_FAMILY = "1,2";
				TEST_HOST = "$(BUILT_PRODUCTS_DIR)/Mementos.app/$(BUNDLE_EXECUTABLE_FOLDER_PATH)/Mementos";
			};
			name = Debug;
		};
		930994172A3A001F00FDD3AB /* Release */ = {
			isa = XCBuildConfiguration;
			buildSettings = {
				ALWAYS_EMBED_SWIFT_STANDARD_LIBRARIES = YES;
				BUNDLE_LOADER = "$(TEST_HOST)";
				CODE_SIGN_STYLE = Automatic;
				CURRENT_PROJECT_VERSION = 1;
				DEVELOPMENT_TEAM = 9F7FZ3S533;
				GENERATE_INFOPLIST_FILE = YES;
				IPHONEOS_DEPLOYMENT_TARGET = 16.4;
				MARKETING_VERSION = 1.0;
				PRODUCT_BUNDLE_IDENTIFIER = com.halfspud.MementosTests;
				PRODUCT_NAME = "$(TARGET_NAME)";
				SWIFT_EMIT_LOC_STRINGS = NO;
				SWIFT_VERSION = 5.0;
				TARGETED_DEVICE_FAMILY = "1,2";
				TEST_HOST = "$(BUILT_PRODUCTS_DIR)/Mementos.app/$(BUNDLE_EXECUTABLE_FOLDER_PATH)/Mementos";
			};
			name = Release;
		};
		930994192A3A001F00FDD3AB /* Debug */ = {
			isa = XCBuildConfiguration;
			buildSettings = {
				ALWAYS_EMBED_SWIFT_STANDARD_LIBRARIES = YES;
				CODE_SIGN_STYLE = Automatic;
				CURRENT_PROJECT_VERSION = 1;
				DEVELOPMENT_TEAM = 9F7FZ3S533;
				GENERATE_INFOPLIST_FILE = YES;
				MARKETING_VERSION = 1.0;
				PRODUCT_BUNDLE_IDENTIFIER = com.halfspud.MementosUITests;
				PRODUCT_NAME = "$(TARGET_NAME)";
				SWIFT_EMIT_LOC_STRINGS = NO;
				SWIFT_VERSION = 5.0;
				TARGETED_DEVICE_FAMILY = "1,2";
				TEST_TARGET_NAME = Mementos;
			};
			name = Debug;
		};
		9309941A2A3A001F00FDD3AB /* Release */ = {
			isa = XCBuildConfiguration;
			buildSettings = {
				ALWAYS_EMBED_SWIFT_STANDARD_LIBRARIES = YES;
				CODE_SIGN_STYLE = Automatic;
				CURRENT_PROJECT_VERSION = 1;
				DEVELOPMENT_TEAM = 9F7FZ3S533;
				GENERATE_INFOPLIST_FILE = YES;
				MARKETING_VERSION = 1.0;
				PRODUCT_BUNDLE_IDENTIFIER = com.halfspud.MementosUITests;
				PRODUCT_NAME = "$(TARGET_NAME)";
				SWIFT_EMIT_LOC_STRINGS = NO;
				SWIFT_VERSION = 5.0;
				TARGETED_DEVICE_FAMILY = "1,2";
				TEST_TARGET_NAME = Mementos;
			};
			name = Release;
		};
/* End XCBuildConfiguration section */

/* Begin XCConfigurationList section */
		930993E92A3A001E00FDD3AB /* Build configuration list for PBXProject "Mementos" */ = {
			isa = XCConfigurationList;
			buildConfigurations = (
				930994102A3A001F00FDD3AB /* Debug */,
				930994112A3A001F00FDD3AB /* Release */,
			);
			defaultConfigurationIsVisible = 0;
			defaultConfigurationName = Release;
		};
		930994122A3A001F00FDD3AB /* Build configuration list for PBXNativeTarget "Mementos" */ = {
			isa = XCConfigurationList;
			buildConfigurations = (
				930994132A3A001F00FDD3AB /* Debug */,
				930994142A3A001F00FDD3AB /* Release */,
			);
			defaultConfigurationIsVisible = 0;
			defaultConfigurationName = Release;
		};
		930994152A3A001F00FDD3AB /* Build configuration list for PBXNativeTarget "MementosTests" */ = {
			isa = XCConfigurationList;
			buildConfigurations = (
				930994162A3A001F00FDD3AB /* Debug */,
				930994172A3A001F00FDD3AB /* Release */,
			);
			defaultConfigurationIsVisible = 0;
			defaultConfigurationName = Release;
		};
		930994182A3A001F00FDD3AB /* Build configuration list for PBXNativeTarget "MementosUITests" */ = {
			isa = XCConfigurationList;
			buildConfigurations = (
				930994192A3A001F00FDD3AB /* Debug */,
				9309941A2A3A001F00FDD3AB /* Release */,
			);
			defaultConfigurationIsVisible = 0;
			defaultConfigurationName = Release;
		};
/* End XCConfigurationList section */

/* Begin XCRemoteSwiftPackageReference section */
		935B00142A3B648A0016829B /* XCRemoteSwiftPackageReference "ImageMetadataUtil" */ = {
			isa = XCRemoteSwiftPackageReference;
			repositoryURL = "https://github.com/divo/ImageMetadataUtil.git";
			requirement = {
				kind = upToNextMajorVersion;
				minimumVersion = 0.1.0;
			};
		};
		935B001B2A3B764B0016829B /* XCRemoteSwiftPackageReference "Alamofire" */ = {
			isa = XCRemoteSwiftPackageReference;
			repositoryURL = "https://github.com/Alamofire/Alamofire.git";
			requirement = {
				kind = upToNextMajorVersion;
				minimumVersion = 5.0.0;
			};
		};
		9396EA9A2A474C8300F8B527 /* XCRemoteSwiftPackageReference "connectivity" */ = {
			isa = XCRemoteSwiftPackageReference;
			repositoryURL = "https://github.com/rwbutler/connectivity";
			requirement = {
				kind = upToNextMajorVersion;
				minimumVersion = 6.0.0;
			};
		};
/* End XCRemoteSwiftPackageReference section */

/* Begin XCSwiftPackageProductDependency section */
		935B00152A3B648A0016829B /* ImageMetadataUtil */ = {
			isa = XCSwiftPackageProductDependency;
			package = 935B00142A3B648A0016829B /* XCRemoteSwiftPackageReference "ImageMetadataUtil" */;
			productName = ImageMetadataUtil;
		};
		935B001C2A3B764B0016829B /* Alamofire */ = {
			isa = XCSwiftPackageProductDependency;
			package = 935B001B2A3B764B0016829B /* XCRemoteSwiftPackageReference "Alamofire" */;
			productName = Alamofire;
		};
/* End XCSwiftPackageProductDependency section */
	};
	rootObject = 930993E62A3A001E00FDD3AB /* Project object */;
}
